
Microsoft Visual Studio Solution File, Format Version 12.00
# Visual Studio Version 17
VisualStudioVersion = 17.4.33213.308
MinimumVisualStudioVersion = 10.0.40219.1
Project("{9A19103F-16F7-4668-BE54-9A1E7A4F7556}") = "CharacterCreator", "CharacterCreator.csproj", "{FD1C0E37-3026-4CB0-910B-8D8A6E8E6FEE}"
EndProject
Global
	GlobalSection(SolutionConfigurationPlatforms) = preSolution
		Debug|Any CPU = Debug|Any CPU
		Release|Any CPU = Release|Any CPU
	EndGlobalSection
	GlobalSection(ProjectConfigurationPlatforms) = postSolution
		{FD1C0E37-3026-4CB0-910B-8D8A6E8E6FEE}.Debug|Any CPU.ActiveCfg = Debug|Any CPU
		{FD1C0E37-3026-4CB0-910B-8D8A6E8E6FEE}.Debug|Any CPU.Build.0 = Debug|Any CPU
		{FD1C0E37-3026-4CB0-910B-8D8A6E8E6FEE}.Release|Any CPU.ActiveCfg = Release|Any CPU
		{FD1C0E37-3026-4CB0-910B-8D8A6E8E6FEE}.Release|Any CPU.Build.0 = Release|Any CPU
	EndGlobalSection
	GlobalSection(SolutionProperties) = preSolution
		HideSolutionNode = FALSE
	EndGlobalSection
	GlobalSection(ExtensibilityGlobals) = postSolution
		SolutionGuid = {6967CAB2-8B6E-427A-8EAB-7E8C88D37377}
	EndGlobalSection
EndGlobal
